// !$*UTF8*$!
{
	archiveVersion = 1;
	classes = {
	};
	objectVersion = 48;
	objects = {

/* Begin PBXBuildFile section */
		130DC5D51F65F91D00BBCB60 /* AppDelegate.swift in Sources */ = {isa = PBXBuildFile; fileRef = 130DC5D41F65F91D00BBCB60 /* AppDelegate.swift */; };
		130DC5D71F65F91D00BBCB60 /* Assets.xcassets in Resources */ = {isa = PBXBuildFile; fileRef = 130DC5D61F65F91D00BBCB60 /* Assets.xcassets */; };
		130DC5DA1F65F91D00BBCB60 /* MainMenu.xib in Resources */ = {isa = PBXBuildFile; fileRef = 130DC5D81F65F91D00BBCB60 /* MainMenu.xib */; };
		134922DF1F6B33AF000AA483 /* EmojiInputController.swift in Sources */ = {isa = PBXBuildFile; fileRef = 134922DE1F6B33AF000AA483 /* EmojiInputController.swift */; };
		134A02F01F6B36C60050216F /* InputMethodIcon.tiff in Resources */ = {isa = PBXBuildFile; fileRef = 134922E01F6B33B9000AA483 /* InputMethodIcon.tiff */; };
		B59FE0B7360D6BD909052453 /* Pods_EmojiIM.framework in Frameworks */ = {isa = PBXBuildFile; fileRef = 9D1689B5C64D102F5B81AA5D /* Pods_EmojiIM.framework */; };
/* End PBXBuildFile section */

/* Begin PBXFileReference section */
		130DC5D11F65F91D00BBCB60 /* EmojiIM.app */ = {isa = PBXFileReference; explicitFileType = wrapper.application; includeInIndex = 0; path = EmojiIM.app; sourceTree = BUILT_PRODUCTS_DIR; };
		130DC5D41F65F91D00BBCB60 /* AppDelegate.swift */ = {isa = PBXFileReference; lastKnownFileType = sourcecode.swift; path = AppDelegate.swift; sourceTree = "<group>"; };
		130DC5D61F65F91D00BBCB60 /* Assets.xcassets */ = {isa = PBXFileReference; lastKnownFileType = folder.assetcatalog; path = Assets.xcassets; sourceTree = "<group>"; };
		130DC5D91F65F91D00BBCB60 /* Base */ = {isa = PBXFileReference; lastKnownFileType = file.xib; name = Base; path = Base.lproj/MainMenu.xib; sourceTree = "<group>"; };
		130DC5DB1F65F91D00BBCB60 /* Info.plist */ = {isa = PBXFileReference; lastKnownFileType = text.plist.xml; path = Info.plist; sourceTree = "<group>"; };
		130DC5DC1F65F91D00BBCB60 /* EmojiIM.entitlements */ = {isa = PBXFileReference; lastKnownFileType = text.plist.entitlements; path = EmojiIM.entitlements; sourceTree = "<group>"; };
		134922DE1F6B33AF000AA483 /* EmojiInputController.swift */ = {isa = PBXFileReference; lastKnownFileType = sourcecode.swift; path = EmojiInputController.swift; sourceTree = "<group>"; };
		134922E01F6B33B9000AA483 /* InputMethodIcon.tiff */ = {isa = PBXFileReference; lastKnownFileType = image.tiff; path = InputMethodIcon.tiff; sourceTree = "<group>"; };
		9D1689B5C64D102F5B81AA5D /* Pods_EmojiIM.framework */ = {isa = PBXFileReference; explicitFileType = wrapper.framework; includeInIndex = 0; path = Pods_EmojiIM.framework; sourceTree = BUILT_PRODUCTS_DIR; };
		E1BF5F5E4DF0D797F60588E8 /* Pods-EmojiIM.debug.xcconfig */ = {isa = PBXFileReference; includeInIndex = 1; lastKnownFileType = text.xcconfig; name = "Pods-EmojiIM.debug.xcconfig"; path = "Pods/Target Support Files/Pods-EmojiIM/Pods-EmojiIM.debug.xcconfig"; sourceTree = "<group>"; };
		F6525D0AA323BA4CB2F273D7 /* Pods-EmojiIM.release.xcconfig */ = {isa = PBXFileReference; includeInIndex = 1; lastKnownFileType = text.xcconfig; name = "Pods-EmojiIM.release.xcconfig"; path = "Pods/Target Support Files/Pods-EmojiIM/Pods-EmojiIM.release.xcconfig"; sourceTree = "<group>"; };
/* End PBXFileReference section */

/* Begin PBXFrameworksBuildPhase section */
		130DC5CE1F65F91D00BBCB60 /* Frameworks */ = {
			isa = PBXFrameworksBuildPhase;
			buildActionMask = 2147483647;
			files = (
				B59FE0B7360D6BD909052453 /* Pods_EmojiIM.framework in Frameworks */,
			);
			runOnlyForDeploymentPostprocessing = 0;
		};
/* End PBXFrameworksBuildPhase section */

/* Begin PBXGroup section */
		01883907C1BC4F82D160FC2A /* Frameworks */ = {
			isa = PBXGroup;
			children = (
				9D1689B5C64D102F5B81AA5D /* Pods_EmojiIM.framework */,
			);
			name = Frameworks;
			sourceTree = "<group>";
		};
		130DC5C81F65F91D00BBCB60 = {
			isa = PBXGroup;
			children = (
				130DC5E21F65F95E00BBCB60 /* Sources */,
				130DC5D31F65F91D00BBCB60 /* Resources */,
				130DC5D21F65F91D00BBCB60 /* Products */,
				F689B6872D78223F1561B5E2 /* Pods */,
				01883907C1BC4F82D160FC2A /* Frameworks */,
			);
			sourceTree = "<group>";
		};
		130DC5D21F65F91D00BBCB60 /* Products */ = {
			isa = PBXGroup;
			children = (
				130DC5D11F65F91D00BBCB60 /* EmojiIM.app */,
			);
			name = Products;
			sourceTree = "<group>";
		};
		130DC5D31F65F91D00BBCB60 /* Resources */ = {
			isa = PBXGroup;
			children = (
				130DC5D61F65F91D00BBCB60 /* Assets.xcassets */,
				130DC5D81F65F91D00BBCB60 /* MainMenu.xib */,
				130DC5DB1F65F91D00BBCB60 /* Info.plist */,
				134922E01F6B33B9000AA483 /* InputMethodIcon.tiff */,
				130DC5DC1F65F91D00BBCB60 /* EmojiIM.entitlements */,
			);
			path = Resources;
			sourceTree = "<group>";
		};
		130DC5E21F65F95E00BBCB60 /* Sources */ = {
			isa = PBXGroup;
			children = (
				130DC5D41F65F91D00BBCB60 /* AppDelegate.swift */,
				134922DE1F6B33AF000AA483 /* EmojiInputController.swift */,
			);
			path = Sources;
			sourceTree = "<group>";
		};
		F689B6872D78223F1561B5E2 /* Pods */ = {
			isa = PBXGroup;
			children = (
				E1BF5F5E4DF0D797F60588E8 /* Pods-EmojiIM.debug.xcconfig */,
				F6525D0AA323BA4CB2F273D7 /* Pods-EmojiIM.release.xcconfig */,
			);
			name = Pods;
			sourceTree = "<group>";
		};
/* End PBXGroup section */

/* Begin PBXNativeTarget section */
		130DC5D01F65F91D00BBCB60 /* EmojiIM */ = {
			isa = PBXNativeTarget;
			buildConfigurationList = 130DC5DF1F65F91D00BBCB60 /* Build configuration list for PBXNativeTarget "EmojiIM" */;
			buildPhases = (
				82F21B7BB19A1C7B725D6C36 /* [CP] Check Pods Manifest.lock */,
				130DC5E31F65FB5A00BBCB60 /* SwiftLint */,
				130DC5CD1F65F91D00BBCB60 /* Sources */,
				130DC5CE1F65F91D00BBCB60 /* Frameworks */,
				130DC5CF1F65F91D00BBCB60 /* Resources */,
				9A020B32C755D7802F2EE1FC /* [CP] Embed Pods Frameworks */,
				DD6298181D1BD05F2DE0CD0C /* [CP] Copy Pods Resources */,
				134922E11F6B349B000AA483 /* Install InputMethod */,
			);
			buildRules = (
			);
			dependencies = (
			);
			name = EmojiIM;
			productName = EmojiIM;
			productReference = 130DC5D11F65F91D00BBCB60 /* EmojiIM.app */;
			productType = "com.apple.product-type.application";
		};
/* End PBXNativeTarget section */

/* Begin PBXProject section */
		130DC5C91F65F91D00BBCB60 /* Project object */ = {
			isa = PBXProject;
			attributes = {
				LastSwiftUpdateCheck = 0900;
				LastUpgradeCheck = 0900;
				ORGANIZATIONNAME = mzp;
				TargetAttributes = {
					130DC5D01F65F91D00BBCB60 = {
						CreatedOnToolsVersion = 9.0;
						ProvisioningStyle = Automatic;
					};
				};
			};
			buildConfigurationList = 130DC5CC1F65F91D00BBCB60 /* Build configuration list for PBXProject "EmojiIM" */;
			compatibilityVersion = "Xcode 8.0";
			developmentRegion = en;
			hasScannedForEncodings = 0;
			knownRegions = (
				en,
				Base,
			);
			mainGroup = 130DC5C81F65F91D00BBCB60;
			productRefGroup = 130DC5D21F65F91D00BBCB60 /* Products */;
			projectDirPath = "";
			projectRoot = "";
			targets = (
				130DC5D01F65F91D00BBCB60 /* EmojiIM */,
			);
		};
/* End PBXProject section */

/* Begin PBXResourcesBuildPhase section */
		130DC5CF1F65F91D00BBCB60 /* Resources */ = {
			isa = PBXResourcesBuildPhase;
			buildActionMask = 2147483647;
			files = (
				134A02F01F6B36C60050216F /* InputMethodIcon.tiff in Resources */,
				130DC5D71F65F91D00BBCB60 /* Assets.xcassets in Resources */,
				130DC5DA1F65F91D00BBCB60 /* MainMenu.xib in Resources */,
			);
			runOnlyForDeploymentPostprocessing = 0;
		};
/* End PBXResourcesBuildPhase section */

/* Begin PBXShellScriptBuildPhase section */
		130DC5E31F65FB5A00BBCB60 /* SwiftLint */ = {
			isa = PBXShellScriptBuildPhase;
			buildActionMask = 2147483647;
			files = (
			);
			inputPaths = (
			);
			name = SwiftLint;
			outputPaths = (
			);
			runOnlyForDeploymentPostprocessing = 0;
			shellPath = /bin/sh;
			shellScript = "cd \"${PODS_ROOT}/..\"\n\"${PODS_ROOT}/SwiftLint/swiftlint\"";
		};
		134922E11F6B349B000AA483 /* Install InputMethod */ = {
			isa = PBXShellScriptBuildPhase;
			buildActionMask = 2147483647;
			files = (
			);
			inputPaths = (
			);
			name = "Install InputMethod";
			outputPaths = (
			);
			runOnlyForDeploymentPostprocessing = 0;
			shellPath = /bin/sh;
			shellScript = "killall $EXECUTABLE_NAME\npwd\nls -l\ncp -r $BUILT_PRODUCTS_DIR/$FULL_PRODUCT_NAME \"$HOME/Library/Input Methods/\"";
		};
		82F21B7BB19A1C7B725D6C36 /* [CP] Check Pods Manifest.lock */ = {
			isa = PBXShellScriptBuildPhase;
			buildActionMask = 2147483647;
			files = (
			);
			inputPaths = (
				"${PODS_PODFILE_DIR_PATH}/Podfile.lock",
				"${PODS_ROOT}/Manifest.lock",
			);
			name = "[CP] Check Pods Manifest.lock";
			outputPaths = (
				"$(DERIVED_FILE_DIR)/Pods-EmojiIM-checkManifestLockResult.txt",
			);
			runOnlyForDeploymentPostprocessing = 0;
			shellPath = /bin/sh;
			shellScript = "diff \"${PODS_PODFILE_DIR_PATH}/Podfile.lock\" \"${PODS_ROOT}/Manifest.lock\" > /dev/null\nif [ $? != 0 ] ; then\n    # print error to STDERR\n    echo \"error: The sandbox is not in sync with the Podfile.lock. Run 'pod install' or update your CocoaPods installation.\" >&2\n    exit 1\nfi\n# This output is used by Xcode 'outputs' to avoid re-running this script phase.\necho \"SUCCESS\" > \"${SCRIPT_OUTPUT_FILE_0}\"\n";
			showEnvVarsInLog = 0;
		};
		9A020B32C755D7802F2EE1FC /* [CP] Embed Pods Frameworks */ = {
			isa = PBXShellScriptBuildPhase;
			buildActionMask = 2147483647;
			files = (
			);
			inputPaths = (
				"${SRCROOT}/Pods/Target Support Files/Pods-EmojiIM/Pods-EmojiIM-frameworks.sh",
				"${BUILT_PRODUCTS_DIR}/※ikemen/Ikemen.framework",
			);
			name = "[CP] Embed Pods Frameworks";
			outputPaths = (
				"${TARGET_BUILD_DIR}/${FRAMEWORKS_FOLDER_PATH}/Ikemen.framework",
			);
			runOnlyForDeploymentPostprocessing = 0;
			shellPath = /bin/sh;
			shellScript = "\"${SRCROOT}/Pods/Target Support Files/Pods-EmojiIM/Pods-EmojiIM-frameworks.sh\"\n";
			showEnvVarsInLog = 0;
		};
		DD6298181D1BD05F2DE0CD0C /* [CP] Copy Pods Resources */ = {
			isa = PBXShellScriptBuildPhase;
			buildActionMask = 2147483647;
			files = (
			);
			inputPaths = (
			);
			name = "[CP] Copy Pods Resources";
			outputPaths = (
			);
			runOnlyForDeploymentPostprocessing = 0;
			shellPath = /bin/sh;
			shellScript = "\"${SRCROOT}/Pods/Target Support Files/Pods-EmojiIM/Pods-EmojiIM-resources.sh\"\n";
			showEnvVarsInLog = 0;
		};
/* End PBXShellScriptBuildPhase section */

/* Begin PBXSourcesBuildPhase section */
		130DC5CD1F65F91D00BBCB60 /* Sources */ = {
			isa = PBXSourcesBuildPhase;
			buildActionMask = 2147483647;
			files = (
				130DC5D51F65F91D00BBCB60 /* AppDelegate.swift in Sources */,
				134922DF1F6B33AF000AA483 /* EmojiInputController.swift in Sources */,
			);
			runOnlyForDeploymentPostprocessing = 0;
		};
/* End PBXSourcesBuildPhase section */

/* Begin PBXVariantGroup section */
		130DC5D81F65F91D00BBCB60 /* MainMenu.xib */ = {
			isa = PBXVariantGroup;
			children = (
				130DC5D91F65F91D00BBCB60 /* Base */,
			);
			name = MainMenu.xib;
			sourceTree = "<group>";
		};
/* End PBXVariantGroup section */

/* Begin XCBuildConfiguration section */
		130DC5DD1F65F91D00BBCB60 /* Debug */ = {
			isa = XCBuildConfiguration;
			buildSettings = {
				ALWAYS_SEARCH_USER_PATHS = NO;
				CLANG_ANALYZER_NONNULL = YES;
				CLANG_ANALYZER_NUMBER_OBJECT_CONVERSION = YES_AGGRESSIVE;
				CLANG_CXX_LANGUAGE_STANDARD = "gnu++14";
				CLANG_CXX_LIBRARY = "libc++";
				CLANG_ENABLE_MODULES = YES;
				CLANG_ENABLE_OBJC_ARC = YES;
				CLANG_WARN_BLOCK_CAPTURE_AUTORELEASING = YES;
				CLANG_WARN_BOOL_CONVERSION = YES;
				CLANG_WARN_COMMA = YES;
				CLANG_WARN_CONSTANT_CONVERSION = YES;
				CLANG_WARN_DIRECT_OBJC_ISA_USAGE = YES_ERROR;
				CLANG_WARN_DOCUMENTATION_COMMENTS = YES;
				CLANG_WARN_EMPTY_BODY = YES;
				CLANG_WARN_ENUM_CONVERSION = YES;
				CLANG_WARN_INFINITE_RECURSION = YES;
				CLANG_WARN_INT_CONVERSION = YES;
				CLANG_WARN_NON_LITERAL_NULL_CONVERSION = YES;
				CLANG_WARN_OBJC_LITERAL_CONVERSION = YES;
				CLANG_WARN_OBJC_ROOT_CLASS = YES_ERROR;
				CLANG_WARN_RANGE_LOOP_ANALYSIS = YES;
				CLANG_WARN_STRICT_PROTOTYPES = YES;
				CLANG_WARN_SUSPICIOUS_MOVE = YES;
				CLANG_WARN_UNGUARDED_AVAILABILITY = YES_AGGRESSIVE;
				CLANG_WARN_UNREACHABLE_CODE = YES;
				CLANG_WARN__DUPLICATE_METHOD_MATCH = YES;
				CODE_SIGN_IDENTITY = "-";
				COPY_PHASE_STRIP = NO;
				DEBUG_INFORMATION_FORMAT = dwarf;
				ENABLE_STRICT_OBJC_MSGSEND = YES;
				ENABLE_TESTABILITY = YES;
				GCC_C_LANGUAGE_STANDARD = gnu11;
				GCC_DYNAMIC_NO_PIC = NO;
				GCC_NO_COMMON_BLOCKS = YES;
				GCC_OPTIMIZATION_LEVEL = 0;
				GCC_PREPROCESSOR_DEFINITIONS = (
					"DEBUG=1",
					"$(inherited)",
				);
				GCC_WARN_64_TO_32_BIT_CONVERSION = YES;
				GCC_WARN_ABOUT_RETURN_TYPE = YES_ERROR;
				GCC_WARN_UNDECLARED_SELECTOR = YES;
				GCC_WARN_UNINITIALIZED_AUTOS = YES_AGGRESSIVE;
				GCC_WARN_UNUSED_FUNCTION = YES;
				GCC_WARN_UNUSED_VARIABLE = YES;
				MACOSX_DEPLOYMENT_TARGET = 10.12;
				MTL_ENABLE_DEBUG_INFO = YES;
				ONLY_ACTIVE_ARCH = YES;
				SDKROOT = macosx;
				SWIFT_ACTIVE_COMPILATION_CONDITIONS = DEBUG;
				SWIFT_OPTIMIZATION_LEVEL = "-Onone";
			};
			name = Debug;
		};
		130DC5DE1F65F91D00BBCB60 /* Release */ = {
			isa = XCBuildConfiguration;
			buildSettings = {
				ALWAYS_SEARCH_USER_PATHS = NO;
				CLANG_ANALYZER_NONNULL = YES;
				CLANG_ANALYZER_NUMBER_OBJECT_CONVERSION = YES_AGGRESSIVE;
				CLANG_CXX_LANGUAGE_STANDARD = "gnu++14";
				CLANG_CXX_LIBRARY = "libc++";
				CLANG_ENABLE_MODULES = YES;
				CLANG_ENABLE_OBJC_ARC = YES;
				CLANG_WARN_BLOCK_CAPTURE_AUTORELEASING = YES;
				CLANG_WARN_BOOL_CONVERSION = YES;
				CLANG_WARN_COMMA = YES;
				CLANG_WARN_CONSTANT_CONVERSION = YES;
				CLANG_WARN_DIRECT_OBJC_ISA_USAGE = YES_ERROR;
				CLANG_WARN_DOCUMENTATION_COMMENTS = YES;
				CLANG_WARN_EMPTY_BODY = YES;
				CLANG_WARN_ENUM_CONVERSION = YES;
				CLANG_WARN_INFINITE_RECURSION = YES;
				CLANG_WARN_INT_CONVERSION = YES;
				CLANG_WARN_NON_LITERAL_NULL_CONVERSION = YES;
				CLANG_WARN_OBJC_LITERAL_CONVERSION = YES;
				CLANG_WARN_OBJC_ROOT_CLASS = YES_ERROR;
				CLANG_WARN_RANGE_LOOP_ANALYSIS = YES;
				CLANG_WARN_STRICT_PROTOTYPES = YES;
				CLANG_WARN_SUSPICIOUS_MOVE = YES;
				CLANG_WARN_UNGUARDED_AVAILABILITY = YES_AGGRESSIVE;
				CLANG_WARN_UNREACHABLE_CODE = YES;
				CLANG_WARN__DUPLICATE_METHOD_MATCH = YES;
				CODE_SIGN_IDENTITY = "-";
				COPY_PHASE_STRIP = NO;
				DEBUG_INFORMATION_FORMAT = "dwarf-with-dsym";
				ENABLE_NS_ASSERTIONS = NO;
				ENABLE_STRICT_OBJC_MSGSEND = YES;
				GCC_C_LANGUAGE_STANDARD = gnu11;
				GCC_NO_COMMON_BLOCKS = YES;
				GCC_WARN_64_TO_32_BIT_CONVERSION = YES;
				GCC_WARN_ABOUT_RETURN_TYPE = YES_ERROR;
				GCC_WARN_UNDECLARED_SELECTOR = YES;
				GCC_WARN_UNINITIALIZED_AUTOS = YES_AGGRESSIVE;
				GCC_WARN_UNUSED_FUNCTION = YES;
				GCC_WARN_UNUSED_VARIABLE = YES;
				MACOSX_DEPLOYMENT_TARGET = 10.12;
				MTL_ENABLE_DEBUG_INFO = NO;
				SDKROOT = macosx;
				SWIFT_OPTIMIZATION_LEVEL = "-Owholemodule";
			};
			name = Release;
		};
		130DC5E01F65F91D00BBCB60 /* Debug */ = {
			isa = XCBuildConfiguration;
			baseConfigurationReference = E1BF5F5E4DF0D797F60588E8 /* Pods-EmojiIM.debug.xcconfig */;
			buildSettings = {
				ASSETCATALOG_COMPILER_APPICON_NAME = AppIcon;
				CODE_SIGN_ENTITLEMENTS = Resources/EmojiIM.entitlements;
				CODE_SIGN_STYLE = Automatic;
				COMBINE_HIDPI_IMAGES = YES;
				INFOPLIST_FILE = Resources/Info.plist;
				LD_RUNPATH_SEARCH_PATHS = "$(inherited) @executable_path/../Frameworks";
				PRODUCT_BUNDLE_IDENTIFIER = jp.mzp.inputmethod.EmojiIM;
				PRODUCT_NAME = "$(TARGET_NAME)";
				SWIFT_VERSION = 4.0;
			};
			name = Debug;
		};
		130DC5E11F65F91D00BBCB60 /* Release */ = {
			isa = XCBuildConfiguration;
			baseConfigurationReference = F6525D0AA323BA4CB2F273D7 /* Pods-EmojiIM.release.xcconfig */;
			buildSettings = {
				ASSETCATALOG_COMPILER_APPICON_NAME = AppIcon;
				CODE_SIGN_ENTITLEMENTS = Resources/EmojiIM.entitlements;
				CODE_SIGN_STYLE = Automatic;
				COMBINE_HIDPI_IMAGES = YES;
				INFOPLIST_FILE = Resources/Info.plist;
				LD_RUNPATH_SEARCH_PATHS = "$(inherited) @executable_path/../Frameworks";
				PRODUCT_BUNDLE_IDENTIFIER = jp.mzp.inputmethod.EmojiIM;
				PRODUCT_NAME = "$(TARGET_NAME)";
				SWIFT_VERSION = 4.0;
			};
			name = Release;
		};
/* End XCBuildConfiguration section */

/* Begin XCConfigurationList section */
		130DC5CC1F65F91D00BBCB60 /* Build configuration list for PBXProject "EmojiIM" */ = {
			isa = XCConfigurationList;
			buildConfigurations = (
				130DC5DD1F65F91D00BBCB60 /* Debug */,
				130DC5DE1F65F91D00BBCB60 /* Release */,
			);
			defaultConfigurationIsVisible = 0;
			defaultConfigurationName = Release;
		};
		130DC5DF1F65F91D00BBCB60 /* Build configuration list for PBXNativeTarget "EmojiIM" */ = {
			isa = XCConfigurationList;
			buildConfigurations = (
				130DC5E01F65F91D00BBCB60 /* Debug */,
				130DC5E11F65F91D00BBCB60 /* Release */,
			);
			defaultConfigurationIsVisible = 0;
			defaultConfigurationName = Release;
		};
/* End XCConfigurationList section */
	};
	rootObject = 130DC5C91F65F91D00BBCB60 /* Project object */;
}
