// !$*UTF8*$!
{
	archiveVersion = 1;
	classes = {
	};
	objectVersion = 48;
	objects = {

/* Begin PBXBuildFile section */
		130DC5D51F65F91D00BBCB60 /* AppDelegate.swift in Sources */ = {isa = PBXBuildFile; fileRef = 130DC5D41F65F91D00BBCB60 /* AppDelegate.swift */; };
		130DC5D71F65F91D00BBCB60 /* Assets.xcassets in Resources */ = {isa = PBXBuildFile; fileRef = 130DC5D61F65F91D00BBCB60 /* Assets.xcassets */; };
		130DC5DA1F65F91D00BBCB60 /* MainMenu.xib in Resources */ = {isa = PBXBuildFile; fileRef = 130DC5D81F65F91D00BBCB60 /* MainMenu.xib */; };
		13B7E6621F6D6327008C528A /* BuildInfo.swift in Sources */ = {isa = PBXBuildFile; fileRef = 13B7E6611F6D631F008C528A /* BuildInfo.swift */; };
		13BE30431F731F7B001D3AF8 /* Tests.swift in Sources */ = {isa = PBXBuildFile; fileRef = 13BE30421F731F7B001D3AF8 /* Tests.swift */; };
		13BE305C1F7325C9001D3AF8 /* EmojiAutomaton.swift in Sources */ = {isa = PBXBuildFile; fileRef = 13BE305A1F7325BA001D3AF8 /* EmojiAutomaton.swift */; };
		13BE305F1F7325CD001D3AF8 /* InputMethodState.swift in Sources */ = {isa = PBXBuildFile; fileRef = 13BE30581F7325BA001D3AF8 /* InputMethodState.swift */; };
		13BE30601F7325CD001D3AF8 /* UserInput.swift in Sources */ = {isa = PBXBuildFile; fileRef = 13BE30591F7325BA001D3AF8 /* UserInput.swift */; };
		13BE30641F7325F9001D3AF8 /* ReactiveAutomaton+Action.swift in Sources */ = {isa = PBXBuildFile; fileRef = 13BE30571F732577001D3AF8 /* ReactiveAutomaton+Action.swift */; };
		13BE30651F73260E001D3AF8 /* AutomatonTest.swift in Sources */ = {isa = PBXBuildFile; fileRef = 13BE30621F7325E6001D3AF8 /* AutomatonTest.swift */; };
		13E9EB111F7DF83000497886 /* icon.icns in Resources */ = {isa = PBXBuildFile; fileRef = 13E9EB101F7DF83000497886 /* icon.icns */; };
		13E9EB1B1F7DF83000497886 /* EmojiIM_Extension.appex in Embed App Extensions */ = {isa = PBXBuildFile; fileRef = 13E9EB0E1F7DF83000497886 /* EmojiIM_Extension.appex */; settings = {ATTRIBUTES = (RemoveHeadersOnCopy, ); }; };
		13E9EB201F7E498F00497886 /* EmojiInputController.swift in Sources */ = {isa = PBXBuildFile; fileRef = 134922DE1F6B33AF000AA483 /* EmojiInputController.swift */; };
		13E9EB211F7E499000497886 /* ReactiveAutomaton+Action.swift in Sources */ = {isa = PBXBuildFile; fileRef = 13BE30571F732577001D3AF8 /* ReactiveAutomaton+Action.swift */; };
		13E9EB221F7E499000497886 /* EmojiAutomaton.swift in Sources */ = {isa = PBXBuildFile; fileRef = 13BE305A1F7325BA001D3AF8 /* EmojiAutomaton.swift */; };
		13E9EB231F7E499000497886 /* InputMethodState.swift in Sources */ = {isa = PBXBuildFile; fileRef = 13BE30581F7325BA001D3AF8 /* InputMethodState.swift */; };
		13E9EB241F7E499000497886 /* UserInput.swift in Sources */ = {isa = PBXBuildFile; fileRef = 13BE30591F7325BA001D3AF8 /* UserInput.swift */; };
		13E9EB251F7E499000497886 /* EmojiInputController.swift in Sources */ = {isa = PBXBuildFile; fileRef = 134922DE1F6B33AF000AA483 /* EmojiInputController.swift */; };
		13E9EB271F7E49A400497886 /* InputMethodIcon@2x.tiff in Resources */ = {isa = PBXBuildFile; fileRef = 130423681F6C9927008989B1 /* InputMethodIcon@2x.tiff */; };
		13E9EB281F7E49AB00497886 /* InputMethodIcon.tiff in Resources */ = {isa = PBXBuildFile; fileRef = 134922E01F6B33B9000AA483 /* InputMethodIcon.tiff */; };
		13E9EB291F7E4A2D00497886 /* BuildInfo.swift in Sources */ = {isa = PBXBuildFile; fileRef = 13B7E6611F6D631F008C528A /* BuildInfo.swift */; };
		13E9EB2B1F7E4BE700497886 /* EmojiInputMainThreadInit.swift in Sources */ = {isa = PBXBuildFile; fileRef = 13E9EB2A1F7E4BE700497886 /* EmojiInputMainThreadInit.swift */; };
		5E7D0D81BC08254996EC1B33 /* Pods_App_Tests.framework in Frameworks */ = {isa = PBXBuildFile; fileRef = 2A18E5675D99E8F48FCF12A7 /* Pods_App_Tests.framework */; };
		62C3338358EABF73DAE424C3 /* Pods_App_EmojiIM.framework in Frameworks */ = {isa = PBXBuildFile; fileRef = 56A1EA7CC6D607D11255E39C /* Pods_App_EmojiIM.framework */; };
		E21F4CBD97124E8FBF44D5EA /* Pods_App_EmojiIM_Extension.framework in Frameworks */ = {isa = PBXBuildFile; fileRef = 802F075032E40CAAFEA4213B /* Pods_App_EmojiIM_Extension.framework */; };
/* End PBXBuildFile section */

/* Begin PBXContainerItemProxy section */
		13BE30451F731F7B001D3AF8 /* PBXContainerItemProxy */ = {
			isa = PBXContainerItemProxy;
			containerPortal = 130DC5C91F65F91D00BBCB60 /* Project object */;
			proxyType = 1;
			remoteGlobalIDString = 130DC5D01F65F91D00BBCB60;
			remoteInfo = EmojiIM;
		};
		13E9EB191F7DF83000497886 /* PBXContainerItemProxy */ = {
			isa = PBXContainerItemProxy;
			containerPortal = 130DC5C91F65F91D00BBCB60 /* Project object */;
			proxyType = 1;
			remoteGlobalIDString = 13E9EB0D1F7DF83000497886;
			remoteInfo = EmojiIM_Extension;
		};
/* End PBXContainerItemProxy section */

/* Begin PBXCopyFilesBuildPhase section */
		13E9EB1F1F7DF83000497886 /* Embed App Extensions */ = {
			isa = PBXCopyFilesBuildPhase;
			buildActionMask = 2147483647;
			dstPath = "";
			dstSubfolderSpec = 13;
			files = (
				13E9EB1B1F7DF83000497886 /* EmojiIM_Extension.appex in Embed App Extensions */,
			);
			name = "Embed App Extensions";
			runOnlyForDeploymentPostprocessing = 0;
		};
/* End PBXCopyFilesBuildPhase section */

/* Begin PBXFileReference section */
		130423681F6C9927008989B1 /* InputMethodIcon@2x.tiff */ = {isa = PBXFileReference; lastKnownFileType = image.tiff; path = "InputMethodIcon@2x.tiff"; sourceTree = "<group>"; };
		130DC5D11F65F91D00BBCB60 /* EmojiIM.app */ = {isa = PBXFileReference; explicitFileType = wrapper.application; includeInIndex = 0; path = EmojiIM.app; sourceTree = BUILT_PRODUCTS_DIR; };
		130DC5D41F65F91D00BBCB60 /* AppDelegate.swift */ = {isa = PBXFileReference; lastKnownFileType = sourcecode.swift; path = AppDelegate.swift; sourceTree = "<group>"; };
		130DC5D61F65F91D00BBCB60 /* Assets.xcassets */ = {isa = PBXFileReference; lastKnownFileType = folder.assetcatalog; path = Assets.xcassets; sourceTree = "<group>"; };
		130DC5D91F65F91D00BBCB60 /* Base */ = {isa = PBXFileReference; lastKnownFileType = file.xib; name = Base; path = Base.lproj/MainMenu.xib; sourceTree = "<group>"; };
		130DC5DB1F65F91D00BBCB60 /* Info.plist */ = {isa = PBXFileReference; lastKnownFileType = text.plist.xml; path = Info.plist; sourceTree = "<group>"; };
		130DC5DC1F65F91D00BBCB60 /* EmojiIM.entitlements */ = {isa = PBXFileReference; lastKnownFileType = text.plist.entitlements; path = EmojiIM.entitlements; sourceTree = "<group>"; };
		132CBBBF1F7E67520068F5FA /* InputMethodKit+Private.h */ = {isa = PBXFileReference; lastKnownFileType = sourcecode.c.h; path = "InputMethodKit+Private.h"; sourceTree = "<group>"; };
		134922DE1F6B33AF000AA483 /* EmojiInputController.swift */ = {isa = PBXFileReference; lastKnownFileType = sourcecode.swift; path = EmojiInputController.swift; sourceTree = "<group>"; };
		134922E01F6B33B9000AA483 /* InputMethodIcon.tiff */ = {isa = PBXFileReference; lastKnownFileType = image.tiff; path = InputMethodIcon.tiff; sourceTree = "<group>"; };
		13B7E6611F6D631F008C528A /* BuildInfo.swift */ = {isa = PBXFileReference; lastKnownFileType = sourcecode.swift; path = BuildInfo.swift; sourceTree = "<group>"; };
		13BE30401F731F7B001D3AF8 /* Tests.xctest */ = {isa = PBXFileReference; explicitFileType = wrapper.cfbundle; includeInIndex = 0; path = Tests.xctest; sourceTree = BUILT_PRODUCTS_DIR; };
		13BE30421F731F7B001D3AF8 /* Tests.swift */ = {isa = PBXFileReference; lastKnownFileType = sourcecode.swift; path = Tests.swift; sourceTree = "<group>"; };
		13BE30441F731F7B001D3AF8 /* Info.plist */ = {isa = PBXFileReference; lastKnownFileType = text.plist.xml; path = Info.plist; sourceTree = "<group>"; };
		13BE30571F732577001D3AF8 /* ReactiveAutomaton+Action.swift */ = {isa = PBXFileReference; lastKnownFileType = sourcecode.swift; path = "ReactiveAutomaton+Action.swift"; sourceTree = "<group>"; };
		13BE30581F7325BA001D3AF8 /* InputMethodState.swift */ = {isa = PBXFileReference; lastKnownFileType = sourcecode.swift; path = InputMethodState.swift; sourceTree = "<group>"; };
		13BE30591F7325BA001D3AF8 /* UserInput.swift */ = {isa = PBXFileReference; lastKnownFileType = sourcecode.swift; path = UserInput.swift; sourceTree = "<group>"; };
		13BE305A1F7325BA001D3AF8 /* EmojiAutomaton.swift */ = {isa = PBXFileReference; lastKnownFileType = sourcecode.swift; path = EmojiAutomaton.swift; sourceTree = "<group>"; };
		13BE30621F7325E6001D3AF8 /* AutomatonTest.swift */ = {isa = PBXFileReference; lastKnownFileType = sourcecode.swift; path = AutomatonTest.swift; sourceTree = "<group>"; };
		13E9EB0E1F7DF83000497886 /* EmojiIM_Extension.appex */ = {isa = PBXFileReference; explicitFileType = "wrapper.app-extension"; includeInIndex = 0; path = EmojiIM_Extension.appex; sourceTree = BUILT_PRODUCTS_DIR; };
		13E9EB101F7DF83000497886 /* icon.icns */ = {isa = PBXFileReference; lastKnownFileType = image.icns; path = icon.icns; sourceTree = "<group>"; };
		13E9EB171F7DF83000497886 /* Info.plist */ = {isa = PBXFileReference; lastKnownFileType = text.plist.xml; path = Info.plist; sourceTree = "<group>"; };
		13E9EB181F7DF83000497886 /* EmojiIM_Extension.entitlements */ = {isa = PBXFileReference; lastKnownFileType = text.plist.entitlements; path = EmojiIM_Extension.entitlements; sourceTree = "<group>"; };
		13E9EB2A1F7E4BE700497886 /* EmojiInputMainThreadInit.swift */ = {isa = PBXFileReference; lastKnownFileType = sourcecode.swift; path = EmojiInputMainThreadInit.swift; sourceTree = "<group>"; };
		2A18E5675D99E8F48FCF12A7 /* Pods_App_Tests.framework */ = {isa = PBXFileReference; explicitFileType = wrapper.framework; includeInIndex = 0; path = Pods_App_Tests.framework; sourceTree = BUILT_PRODUCTS_DIR; };
		56A1EA7CC6D607D11255E39C /* Pods_App_EmojiIM.framework */ = {isa = PBXFileReference; explicitFileType = wrapper.framework; includeInIndex = 0; path = Pods_App_EmojiIM.framework; sourceTree = BUILT_PRODUCTS_DIR; };
		6758A5B9F5A7934030A29990 /* Pods-App-EmojiIM.debug.xcconfig */ = {isa = PBXFileReference; includeInIndex = 1; lastKnownFileType = text.xcconfig; name = "Pods-App-EmojiIM.debug.xcconfig"; path = "Pods/Target Support Files/Pods-App-EmojiIM/Pods-App-EmojiIM.debug.xcconfig"; sourceTree = "<group>"; };
		802F075032E40CAAFEA4213B /* Pods_App_EmojiIM_Extension.framework */ = {isa = PBXFileReference; explicitFileType = wrapper.framework; includeInIndex = 0; path = Pods_App_EmojiIM_Extension.framework; sourceTree = BUILT_PRODUCTS_DIR; };
		84586F7511FB32E8F4F04827 /* Pods-App-EmojiIM_Extension.release.xcconfig */ = {isa = PBXFileReference; includeInIndex = 1; lastKnownFileType = text.xcconfig; name = "Pods-App-EmojiIM_Extension.release.xcconfig"; path = "Pods/Target Support Files/Pods-App-EmojiIM_Extension/Pods-App-EmojiIM_Extension.release.xcconfig"; sourceTree = "<group>"; };
		A06EE18786E85339F30239C2 /* Pods-App-Tests.debug.xcconfig */ = {isa = PBXFileReference; includeInIndex = 1; lastKnownFileType = text.xcconfig; name = "Pods-App-Tests.debug.xcconfig"; path = "Pods/Target Support Files/Pods-App-Tests/Pods-App-Tests.debug.xcconfig"; sourceTree = "<group>"; };
		C8B590062E50E39AAD0B338A /* Pods-App-EmojiIM_Extension.debug.xcconfig */ = {isa = PBXFileReference; includeInIndex = 1; lastKnownFileType = text.xcconfig; name = "Pods-App-EmojiIM_Extension.debug.xcconfig"; path = "Pods/Target Support Files/Pods-App-EmojiIM_Extension/Pods-App-EmojiIM_Extension.debug.xcconfig"; sourceTree = "<group>"; };
		D153801FDD87A2200FA8B3FE /* Pods-App-EmojiIM.release.xcconfig */ = {isa = PBXFileReference; includeInIndex = 1; lastKnownFileType = text.xcconfig; name = "Pods-App-EmojiIM.release.xcconfig"; path = "Pods/Target Support Files/Pods-App-EmojiIM/Pods-App-EmojiIM.release.xcconfig"; sourceTree = "<group>"; };
		DDB61C9BCDAD0639BAA71AE3 /* Pods-App-Tests.release.xcconfig */ = {isa = PBXFileReference; includeInIndex = 1; lastKnownFileType = text.xcconfig; name = "Pods-App-Tests.release.xcconfig"; path = "Pods/Target Support Files/Pods-App-Tests/Pods-App-Tests.release.xcconfig"; sourceTree = "<group>"; };
/* End PBXFileReference section */

/* Begin PBXFrameworksBuildPhase section */
		130DC5CE1F65F91D00BBCB60 /* Frameworks */ = {
			isa = PBXFrameworksBuildPhase;
			buildActionMask = 2147483647;
			files = (
				62C3338358EABF73DAE424C3 /* Pods_App_EmojiIM.framework in Frameworks */,
			);
			runOnlyForDeploymentPostprocessing = 0;
		};
		13BE303D1F731F7B001D3AF8 /* Frameworks */ = {
			isa = PBXFrameworksBuildPhase;
			buildActionMask = 2147483647;
			files = (
				5E7D0D81BC08254996EC1B33 /* Pods_App_Tests.framework in Frameworks */,
			);
			runOnlyForDeploymentPostprocessing = 0;
		};
		13E9EB0B1F7DF83000497886 /* Frameworks */ = {
			isa = PBXFrameworksBuildPhase;
			buildActionMask = 2147483647;
			files = (
				E21F4CBD97124E8FBF44D5EA /* Pods_App_EmojiIM_Extension.framework in Frameworks */,
			);
			runOnlyForDeploymentPostprocessing = 0;
		};
/* End PBXFrameworksBuildPhase section */

/* Begin PBXGroup section */
		130DC5C81F65F91D00BBCB60 = {
			isa = PBXGroup;
			children = (
				13B7E6611F6D631F008C528A /* BuildInfo.swift */,
				130DC5E21F65F95E00BBCB60 /* Sources */,
				13BE30411F731F7B001D3AF8 /* Tests */,
				130DC5D31F65F91D00BBCB60 /* Resources */,
				130DC5D21F65F91D00BBCB60 /* Products */,
				2D2EACD9BFBC3224766BFCB3 /* Pods */,
				D64E41A34C7490A75ED1353D /* Frameworks */,
			);
			sourceTree = "<group>";
		};
		130DC5D21F65F91D00BBCB60 /* Products */ = {
			isa = PBXGroup;
			children = (
				130DC5D11F65F91D00BBCB60 /* EmojiIM.app */,
				13BE30401F731F7B001D3AF8 /* Tests.xctest */,
				13E9EB0E1F7DF83000497886 /* EmojiIM_Extension.appex */,
			);
			name = Products;
			sourceTree = "<group>";
		};
		130DC5D31F65F91D00BBCB60 /* Resources */ = {
			isa = PBXGroup;
			children = (
				134499F61F7E503E00D29E4E /* Container */,
				134499F71F7E504500D29E4E /* Extension */,
			);
			path = Resources;
			sourceTree = "<group>";
		};
		130DC5E21F65F95E00BBCB60 /* Sources */ = {
			isa = PBXGroup;
			children = (
				134499F51F7E4FDD00D29E4E /* Container */,
				13E9EB0F1F7DF83000497886 /* Extension */,
			);
			path = Sources;
			sourceTree = "<group>";
		};
		134499F51F7E4FDD00D29E4E /* Container */ = {
			isa = PBXGroup;
			children = (
				130DC5D41F65F91D00BBCB60 /* AppDelegate.swift */,
			);
			path = Container;
			sourceTree = "<group>";
		};
		134499F61F7E503E00D29E4E /* Container */ = {
			isa = PBXGroup;
			children = (
				130DC5D61F65F91D00BBCB60 /* Assets.xcassets */,
				130DC5D81F65F91D00BBCB60 /* MainMenu.xib */,
				130DC5DB1F65F91D00BBCB60 /* Info.plist */,
				130DC5DC1F65F91D00BBCB60 /* EmojiIM.entitlements */,
			);
			path = Container;
			sourceTree = "<group>";
		};
		134499F71F7E504500D29E4E /* Extension */ = {
			isa = PBXGroup;
			children = (
				13E9EB101F7DF83000497886 /* icon.icns */,
				13E9EB171F7DF83000497886 /* Info.plist */,
				13E9EB181F7DF83000497886 /* EmojiIM_Extension.entitlements */,
				134922E01F6B33B9000AA483 /* InputMethodIcon.tiff */,
				130423681F6C9927008989B1 /* InputMethodIcon@2x.tiff */,
			);
			path = Extension;
			sourceTree = "<group>";
		};
		13BE30411F731F7B001D3AF8 /* Tests */ = {
			isa = PBXGroup;
			children = (
				13BE30611F7325E6001D3AF8 /* Automaton */,
				13BE30421F731F7B001D3AF8 /* Tests.swift */,
				13BE30441F731F7B001D3AF8 /* Info.plist */,
			);
			path = Tests;
			sourceTree = "<group>";
		};
		13BE304A1F73222F001D3AF8 /* InputMethodKit */ = {
			isa = PBXGroup;
			children = (
				134922DE1F6B33AF000AA483 /* EmojiInputController.swift */,
			);
			path = InputMethodKit;
			sourceTree = "<group>";
		};
		13BE30541F73255D001D3AF8 /* Automaton */ = {
			isa = PBXGroup;
			children = (
				13BE30571F732577001D3AF8 /* ReactiveAutomaton+Action.swift */,
				13BE305A1F7325BA001D3AF8 /* EmojiAutomaton.swift */,
				13BE30581F7325BA001D3AF8 /* InputMethodState.swift */,
				13BE30591F7325BA001D3AF8 /* UserInput.swift */,
			);
			path = Automaton;
			sourceTree = "<group>";
		};
		13BE30611F7325E6001D3AF8 /* Automaton */ = {
			isa = PBXGroup;
			children = (
				13BE30621F7325E6001D3AF8 /* AutomatonTest.swift */,
			);
			path = Automaton;
			sourceTree = "<group>";
		};
		13E9EB0F1F7DF83000497886 /* Extension */ = {
			isa = PBXGroup;
			children = (
				13BE30541F73255D001D3AF8 /* Automaton */,
				13BE304A1F73222F001D3AF8 /* InputMethodKit */,
				13E9EB2A1F7E4BE700497886 /* EmojiInputMainThreadInit.swift */,
				132CBBBF1F7E67520068F5FA /* InputMethodKit+Private.h */,
			);
			path = Extension;
			sourceTree = "<group>";
		};
		2D2EACD9BFBC3224766BFCB3 /* Pods */ = {
			isa = PBXGroup;
			children = (
				6758A5B9F5A7934030A29990 /* Pods-App-EmojiIM.debug.xcconfig */,
				D153801FDD87A2200FA8B3FE /* Pods-App-EmojiIM.release.xcconfig */,
				A06EE18786E85339F30239C2 /* Pods-App-Tests.debug.xcconfig */,
				DDB61C9BCDAD0639BAA71AE3 /* Pods-App-Tests.release.xcconfig */,
				C8B590062E50E39AAD0B338A /* Pods-App-EmojiIM_Extension.debug.xcconfig */,
				84586F7511FB32E8F4F04827 /* Pods-App-EmojiIM_Extension.release.xcconfig */,
			);
			name = Pods;
			sourceTree = "<group>";
		};
		D64E41A34C7490A75ED1353D /* Frameworks */ = {
			isa = PBXGroup;
			children = (
				56A1EA7CC6D607D11255E39C /* Pods_App_EmojiIM.framework */,
				2A18E5675D99E8F48FCF12A7 /* Pods_App_Tests.framework */,
				802F075032E40CAAFEA4213B /* Pods_App_EmojiIM_Extension.framework */,
			);
			name = Frameworks;
			sourceTree = "<group>";
		};
/* End PBXGroup section */

/* Begin PBXNativeTarget section */
		130DC5D01F65F91D00BBCB60 /* EmojiIM */ = {
			isa = PBXNativeTarget;
			buildConfigurationList = 130DC5DF1F65F91D00BBCB60 /* Build configuration list for PBXNativeTarget "EmojiIM" */;
			buildPhases = (
				68A350217DEEF2B9CFBE52DD /* [CP] Check Pods Manifest.lock */,
				13B7E6601F6D6288008C528A /* EmbedBuildInfo */,
				130DC5E31F65FB5A00BBCB60 /* SwiftLint */,
				130DC5CD1F65F91D00BBCB60 /* Sources */,
				130DC5CE1F65F91D00BBCB60 /* Frameworks */,
				130DC5CF1F65F91D00BBCB60 /* Resources */,
				653CC9549B17E6922B7DC7B8 /* [CP] Embed Pods Frameworks */,
				75474E975C30AE6504B77B7C /* [CP] Copy Pods Resources */,
				13E9EB1F1F7DF83000497886 /* Embed App Extensions */,
			);
			buildRules = (
			);
			dependencies = (
				13E9EB1A1F7DF83000497886 /* PBXTargetDependency */,
			);
			name = EmojiIM;
			productName = EmojiIM;
			productReference = 130DC5D11F65F91D00BBCB60 /* EmojiIM.app */;
			productType = "com.apple.product-type.application";
		};
		13BE303F1F731F7B001D3AF8 /* Tests */ = {
			isa = PBXNativeTarget;
			buildConfigurationList = 13BE30491F731F7B001D3AF8 /* Build configuration list for PBXNativeTarget "Tests" */;
			buildPhases = (
				EC78CF836CE60D31DBDD9ACB /* [CP] Check Pods Manifest.lock */,
				13BE303C1F731F7B001D3AF8 /* Sources */,
				13BE303D1F731F7B001D3AF8 /* Frameworks */,
				13BE303E1F731F7B001D3AF8 /* Resources */,
				4423F8C02B3FB0B96398F1CE /* [CP] Embed Pods Frameworks */,
				F08483E8FD3F514435731579 /* [CP] Copy Pods Resources */,
			);
			buildRules = (
			);
			dependencies = (
				13BE30461F731F7B001D3AF8 /* PBXTargetDependency */,
			);
			name = Tests;
			productName = Tests;
			productReference = 13BE30401F731F7B001D3AF8 /* Tests.xctest */;
			productType = "com.apple.product-type.bundle.unit-test";
		};
		13E9EB0D1F7DF83000497886 /* EmojiIM_Extension */ = {
			isa = PBXNativeTarget;
			buildConfigurationList = 13E9EB1C1F7DF83000497886 /* Build configuration list for PBXNativeTarget "EmojiIM_Extension" */;
			buildPhases = (
				88C044DCAD2AF8750CBC1CAD /* [CP] Check Pods Manifest.lock */,
				13E9EB0A1F7DF83000497886 /* Sources */,
				13E9EB0B1F7DF83000497886 /* Frameworks */,
				13E9EB0C1F7DF83000497886 /* Resources */,
				9DD8A18F5922CD676EED5FB1 /* [CP] Copy Pods Resources */,
			);
			buildRules = (
			);
			dependencies = (
			);
			name = EmojiIM_Extension;
			productName = EmojiIM_Extension;
			productReference = 13E9EB0E1F7DF83000497886 /* EmojiIM_Extension.appex */;
			productType = "com.apple.product-type.app-extension";
		};
/* End PBXNativeTarget section */

/* Begin PBXProject section */
		130DC5C91F65F91D00BBCB60 /* Project object */ = {
			isa = PBXProject;
			attributes = {
				LastSwiftUpdateCheck = 0900;
				LastUpgradeCheck = 0900;
				ORGANIZATIONNAME = mzp;
				TargetAttributes = {
					130DC5D01F65F91D00BBCB60 = {
						CreatedOnToolsVersion = 9.0;
						ProvisioningStyle = Manual;
						SystemCapabilities = {
							com.apple.Sandbox = {
								enabled = 1;
							};
						};
					};
					13BE303F1F731F7B001D3AF8 = {
						CreatedOnToolsVersion = 9.0;
						ProvisioningStyle = Automatic;
						TestTargetID = 130DC5D01F65F91D00BBCB60;
					};
					13E9EB0D1F7DF83000497886 = {
						CreatedOnToolsVersion = 9.0;
						ProvisioningStyle = Manual;
					};
				};
			};
			buildConfigurationList = 130DC5CC1F65F91D00BBCB60 /* Build configuration list for PBXProject "EmojiIM" */;
			compatibilityVersion = "Xcode 8.0";
			developmentRegion = en;
			hasScannedForEncodings = 0;
			knownRegions = (
				en,
				Base,
			);
			mainGroup = 130DC5C81F65F91D00BBCB60;
			productRefGroup = 130DC5D21F65F91D00BBCB60 /* Products */;
			projectDirPath = "";
			projectRoot = "";
			targets = (
				130DC5D01F65F91D00BBCB60 /* EmojiIM */,
				13BE303F1F731F7B001D3AF8 /* Tests */,
				13E9EB0D1F7DF83000497886 /* EmojiIM_Extension */,
			);
		};
/* End PBXProject section */

/* Begin PBXResourcesBuildPhase section */
		130DC5CF1F65F91D00BBCB60 /* Resources */ = {
			isa = PBXResourcesBuildPhase;
			buildActionMask = 2147483647;
			files = (
				130DC5D71F65F91D00BBCB60 /* Assets.xcassets in Resources */,
				130DC5DA1F65F91D00BBCB60 /* MainMenu.xib in Resources */,
			);
			runOnlyForDeploymentPostprocessing = 0;
		};
		13BE303E1F731F7B001D3AF8 /* Resources */ = {
			isa = PBXResourcesBuildPhase;
			buildActionMask = 2147483647;
			files = (
			);
			runOnlyForDeploymentPostprocessing = 0;
		};
		13E9EB0C1F7DF83000497886 /* Resources */ = {
			isa = PBXResourcesBuildPhase;
			buildActionMask = 2147483647;
			files = (
				13E9EB271F7E49A400497886 /* InputMethodIcon@2x.tiff in Resources */,
				13E9EB281F7E49AB00497886 /* InputMethodIcon.tiff in Resources */,
				13E9EB111F7DF83000497886 /* icon.icns in Resources */,
			);
			runOnlyForDeploymentPostprocessing = 0;
		};
/* End PBXResourcesBuildPhase section */

/* Begin PBXShellScriptBuildPhase section */
		130DC5E31F65FB5A00BBCB60 /* SwiftLint */ = {
			isa = PBXShellScriptBuildPhase;
			buildActionMask = 2147483647;
			files = (
			);
			inputPaths = (
			);
			name = SwiftLint;
			outputPaths = (
			);
			runOnlyForDeploymentPostprocessing = 0;
			shellPath = /bin/sh;
			shellScript = "cd \"${PODS_ROOT}/..\"\n\"${PODS_ROOT}/SwiftLint/swiftlint\"";
		};
		13B7E6601F6D6288008C528A /* EmbedBuildInfo */ = {
			isa = PBXShellScriptBuildPhase;
			buildActionMask = 2147483647;
			files = (
			);
			inputPaths = (
			);
			name = EmbedBuildInfo;
			outputPaths = (
			);
			runOnlyForDeploymentPostprocessing = 0;
			shellPath = /bin/sh;
			shellScript = "echo \"let kRevision = \\\"$(git rev-parse HEAD)\\\"\" > BuildInfo.swift\necho \"let kBuiltDate = \\\"$(date)\\\"\" >> BuildInfo.swift";
		};
		4423F8C02B3FB0B96398F1CE /* [CP] Embed Pods Frameworks */ = {
			isa = PBXShellScriptBuildPhase;
			buildActionMask = 2147483647;
			files = (
			);
			inputPaths = (
				"${SRCROOT}/Pods/Target Support Files/Pods-App-Tests/Pods-App-Tests-frameworks.sh",
				"${BUILT_PRODUCTS_DIR}/ReactiveAutomaton/ReactiveAutomaton.framework",
				"${BUILT_PRODUCTS_DIR}/ReactiveCocoa/ReactiveCocoa.framework",
				"${BUILT_PRODUCTS_DIR}/ReactiveSwift/ReactiveSwift.framework",
				"${BUILT_PRODUCTS_DIR}/Result/Result.framework",
				"${BUILT_PRODUCTS_DIR}/※ikemen/Ikemen.framework",
			);
			name = "[CP] Embed Pods Frameworks";
			outputPaths = (
				"${TARGET_BUILD_DIR}/${FRAMEWORKS_FOLDER_PATH}/ReactiveAutomaton.framework",
				"${TARGET_BUILD_DIR}/${FRAMEWORKS_FOLDER_PATH}/ReactiveCocoa.framework",
				"${TARGET_BUILD_DIR}/${FRAMEWORKS_FOLDER_PATH}/ReactiveSwift.framework",
				"${TARGET_BUILD_DIR}/${FRAMEWORKS_FOLDER_PATH}/Result.framework",
				"${TARGET_BUILD_DIR}/${FRAMEWORKS_FOLDER_PATH}/Ikemen.framework",
			);
			runOnlyForDeploymentPostprocessing = 0;
			shellPath = /bin/sh;
			shellScript = "\"${SRCROOT}/Pods/Target Support Files/Pods-App-Tests/Pods-App-Tests-frameworks.sh\"\n";
			showEnvVarsInLog = 0;
		};
		653CC9549B17E6922B7DC7B8 /* [CP] Embed Pods Frameworks */ = {
			isa = PBXShellScriptBuildPhase;
			buildActionMask = 2147483647;
			files = (
			);
			inputPaths = (
				"${SRCROOT}/Pods/Target Support Files/Pods-App-EmojiIM/Pods-App-EmojiIM-frameworks.sh",
				"${BUILT_PRODUCTS_DIR}/ReactiveAutomaton/ReactiveAutomaton.framework",
				"${BUILT_PRODUCTS_DIR}/ReactiveCocoa/ReactiveCocoa.framework",
				"${BUILT_PRODUCTS_DIR}/ReactiveSwift/ReactiveSwift.framework",
				"${BUILT_PRODUCTS_DIR}/Result/Result.framework",
				"${BUILT_PRODUCTS_DIR}/※ikemen/Ikemen.framework",
			);
			name = "[CP] Embed Pods Frameworks";
			outputPaths = (
				"${TARGET_BUILD_DIR}/${FRAMEWORKS_FOLDER_PATH}/ReactiveAutomaton.framework",
				"${TARGET_BUILD_DIR}/${FRAMEWORKS_FOLDER_PATH}/ReactiveCocoa.framework",
				"${TARGET_BUILD_DIR}/${FRAMEWORKS_FOLDER_PATH}/ReactiveSwift.framework",
				"${TARGET_BUILD_DIR}/${FRAMEWORKS_FOLDER_PATH}/Result.framework",
				"${TARGET_BUILD_DIR}/${FRAMEWORKS_FOLDER_PATH}/Ikemen.framework",
			);
			runOnlyForDeploymentPostprocessing = 0;
			shellPath = /bin/sh;
			shellScript = "\"${SRCROOT}/Pods/Target Support Files/Pods-App-EmojiIM/Pods-App-EmojiIM-frameworks.sh\"\n";
			showEnvVarsInLog = 0;
		};
		68A350217DEEF2B9CFBE52DD /* [CP] Check Pods Manifest.lock */ = {
			isa = PBXShellScriptBuildPhase;
			buildActionMask = 2147483647;
			files = (
			);
			inputPaths = (
				"${PODS_PODFILE_DIR_PATH}/Podfile.lock",
				"${PODS_ROOT}/Manifest.lock",
			);
			name = "[CP] Check Pods Manifest.lock";
			outputPaths = (
				"$(DERIVED_FILE_DIR)/Pods-App-EmojiIM-checkManifestLockResult.txt",
			);
			runOnlyForDeploymentPostprocessing = 0;
			shellPath = /bin/sh;
			shellScript = "diff \"${PODS_PODFILE_DIR_PATH}/Podfile.lock\" \"${PODS_ROOT}/Manifest.lock\" > /dev/null\nif [ $? != 0 ] ; then\n    # print error to STDERR\n    echo \"error: The sandbox is not in sync with the Podfile.lock. Run 'pod install' or update your CocoaPods installation.\" >&2\n    exit 1\nfi\n# This output is used by Xcode 'outputs' to avoid re-running this script phase.\necho \"SUCCESS\" > \"${SCRIPT_OUTPUT_FILE_0}\"\n";
			showEnvVarsInLog = 0;
		};
		75474E975C30AE6504B77B7C /* [CP] Copy Pods Resources */ = {
			isa = PBXShellScriptBuildPhase;
			buildActionMask = 2147483647;
			files = (
			);
			inputPaths = (
			);
			name = "[CP] Copy Pods Resources";
			outputPaths = (
			);
			runOnlyForDeploymentPostprocessing = 0;
			shellPath = /bin/sh;
			shellScript = "\"${SRCROOT}/Pods/Target Support Files/Pods-App-EmojiIM/Pods-App-EmojiIM-resources.sh\"\n";
			showEnvVarsInLog = 0;
		};
		88C044DCAD2AF8750CBC1CAD /* [CP] Check Pods Manifest.lock */ = {
			isa = PBXShellScriptBuildPhase;
			buildActionMask = 2147483647;
			files = (
			);
			inputPaths = (
				"${PODS_PODFILE_DIR_PATH}/Podfile.lock",
				"${PODS_ROOT}/Manifest.lock",
			);
			name = "[CP] Check Pods Manifest.lock";
			outputPaths = (
				"$(DERIVED_FILE_DIR)/Pods-App-EmojiIM_Extension-checkManifestLockResult.txt",
			);
			runOnlyForDeploymentPostprocessing = 0;
			shellPath = /bin/sh;
			shellScript = "diff \"${PODS_PODFILE_DIR_PATH}/Podfile.lock\" \"${PODS_ROOT}/Manifest.lock\" > /dev/null\nif [ $? != 0 ] ; then\n    # print error to STDERR\n    echo \"error: The sandbox is not in sync with the Podfile.lock. Run 'pod install' or update your CocoaPods installation.\" >&2\n    exit 1\nfi\n# This output is used by Xcode 'outputs' to avoid re-running this script phase.\necho \"SUCCESS\" > \"${SCRIPT_OUTPUT_FILE_0}\"\n";
			showEnvVarsInLog = 0;
		};
		9DD8A18F5922CD676EED5FB1 /* [CP] Copy Pods Resources */ = {
			isa = PBXShellScriptBuildPhase;
			buildActionMask = 2147483647;
			files = (
			);
			inputPaths = (
			);
			name = "[CP] Copy Pods Resources";
			outputPaths = (
			);
			runOnlyForDeploymentPostprocessing = 0;
			shellPath = /bin/sh;
			shellScript = "\"${SRCROOT}/Pods/Target Support Files/Pods-App-EmojiIM_Extension/Pods-App-EmojiIM_Extension-resources.sh\"\n";
			showEnvVarsInLog = 0;
		};
		EC78CF836CE60D31DBDD9ACB /* [CP] Check Pods Manifest.lock */ = {
			isa = PBXShellScriptBuildPhase;
			buildActionMask = 2147483647;
			files = (
			);
			inputPaths = (
				"${PODS_PODFILE_DIR_PATH}/Podfile.lock",
				"${PODS_ROOT}/Manifest.lock",
			);
			name = "[CP] Check Pods Manifest.lock";
			outputPaths = (
				"$(DERIVED_FILE_DIR)/Pods-App-Tests-checkManifestLockResult.txt",
			);
			runOnlyForDeploymentPostprocessing = 0;
			shellPath = /bin/sh;
			shellScript = "diff \"${PODS_PODFILE_DIR_PATH}/Podfile.lock\" \"${PODS_ROOT}/Manifest.lock\" > /dev/null\nif [ $? != 0 ] ; then\n    # print error to STDERR\n    echo \"error: The sandbox is not in sync with the Podfile.lock. Run 'pod install' or update your CocoaPods installation.\" >&2\n    exit 1\nfi\n# This output is used by Xcode 'outputs' to avoid re-running this script phase.\necho \"SUCCESS\" > \"${SCRIPT_OUTPUT_FILE_0}\"\n";
			showEnvVarsInLog = 0;
		};
		F08483E8FD3F514435731579 /* [CP] Copy Pods Resources */ = {
			isa = PBXShellScriptBuildPhase;
			buildActionMask = 2147483647;
			files = (
			);
			inputPaths = (
			);
			name = "[CP] Copy Pods Resources";
			outputPaths = (
			);
			runOnlyForDeploymentPostprocessing = 0;
			shellPath = /bin/sh;
			shellScript = "\"${SRCROOT}/Pods/Target Support Files/Pods-App-Tests/Pods-App-Tests-resources.sh\"\n";
			showEnvVarsInLog = 0;
		};
/* End PBXShellScriptBuildPhase section */

/* Begin PBXSourcesBuildPhase section */
		130DC5CD1F65F91D00BBCB60 /* Sources */ = {
			isa = PBXSourcesBuildPhase;
			buildActionMask = 2147483647;
			files = (
				130DC5D51F65F91D00BBCB60 /* AppDelegate.swift in Sources */,
				13B7E6621F6D6327008C528A /* BuildInfo.swift in Sources */,
			);
			runOnlyForDeploymentPostprocessing = 0;
		};
		13BE303C1F731F7B001D3AF8 /* Sources */ = {
			isa = PBXSourcesBuildPhase;
			buildActionMask = 2147483647;
			files = (
				13BE30431F731F7B001D3AF8 /* Tests.swift in Sources */,
				13BE30601F7325CD001D3AF8 /* UserInput.swift in Sources */,
				13BE305C1F7325C9001D3AF8 /* EmojiAutomaton.swift in Sources */,
				13E9EB201F7E498F00497886 /* EmojiInputController.swift in Sources */,
				13BE305F1F7325CD001D3AF8 /* InputMethodState.swift in Sources */,
				13BE30651F73260E001D3AF8 /* AutomatonTest.swift in Sources */,
				13BE30641F7325F9001D3AF8 /* ReactiveAutomaton+Action.swift in Sources */,
			);
			runOnlyForDeploymentPostprocessing = 0;
		};
		13E9EB0A1F7DF83000497886 /* Sources */ = {
			isa = PBXSourcesBuildPhase;
			buildActionMask = 2147483647;
			files = (
				13E9EB251F7E499000497886 /* EmojiInputController.swift in Sources */,
				13E9EB241F7E499000497886 /* UserInput.swift in Sources */,
				13E9EB2B1F7E4BE700497886 /* EmojiInputMainThreadInit.swift in Sources */,
				13E9EB211F7E499000497886 /* ReactiveAutomaton+Action.swift in Sources */,
				13E9EB291F7E4A2D00497886 /* BuildInfo.swift in Sources */,
				13E9EB221F7E499000497886 /* EmojiAutomaton.swift in Sources */,
				13E9EB231F7E499000497886 /* InputMethodState.swift in Sources */,
			);
			runOnlyForDeploymentPostprocessing = 0;
		};
/* End PBXSourcesBuildPhase section */

/* Begin PBXTargetDependency section */
		13BE30461F731F7B001D3AF8 /* PBXTargetDependency */ = {
			isa = PBXTargetDependency;
			target = 130DC5D01F65F91D00BBCB60 /* EmojiIM */;
			targetProxy = 13BE30451F731F7B001D3AF8 /* PBXContainerItemProxy */;
		};
		13E9EB1A1F7DF83000497886 /* PBXTargetDependency */ = {
			isa = PBXTargetDependency;
			target = 13E9EB0D1F7DF83000497886 /* EmojiIM_Extension */;
			targetProxy = 13E9EB191F7DF83000497886 /* PBXContainerItemProxy */;
		};
/* End PBXTargetDependency section */

/* Begin PBXVariantGroup section */
		130DC5D81F65F91D00BBCB60 /* MainMenu.xib */ = {
			isa = PBXVariantGroup;
			children = (
				130DC5D91F65F91D00BBCB60 /* Base */,
			);
			name = MainMenu.xib;
			sourceTree = "<group>";
		};
/* End PBXVariantGroup section */

/* Begin XCBuildConfiguration section */
		130DC5DD1F65F91D00BBCB60 /* Debug */ = {
			isa = XCBuildConfiguration;
			buildSettings = {
				ALWAYS_SEARCH_USER_PATHS = NO;
				CLANG_ANALYZER_NONNULL = YES;
				CLANG_ANALYZER_NUMBER_OBJECT_CONVERSION = YES_AGGRESSIVE;
				CLANG_CXX_LANGUAGE_STANDARD = "gnu++14";
				CLANG_CXX_LIBRARY = "libc++";
				CLANG_ENABLE_MODULES = YES;
				CLANG_ENABLE_OBJC_ARC = YES;
				CLANG_WARN_BLOCK_CAPTURE_AUTORELEASING = YES;
				CLANG_WARN_BOOL_CONVERSION = YES;
				CLANG_WARN_COMMA = YES;
				CLANG_WARN_CONSTANT_CONVERSION = YES;
				CLANG_WARN_DIRECT_OBJC_ISA_USAGE = YES_ERROR;
				CLANG_WARN_DOCUMENTATION_COMMENTS = YES;
				CLANG_WARN_EMPTY_BODY = YES;
				CLANG_WARN_ENUM_CONVERSION = YES;
				CLANG_WARN_INFINITE_RECURSION = YES;
				CLANG_WARN_INT_CONVERSION = YES;
				CLANG_WARN_NON_LITERAL_NULL_CONVERSION = YES;
				CLANG_WARN_OBJC_LITERAL_CONVERSION = YES;
				CLANG_WARN_OBJC_ROOT_CLASS = YES_ERROR;
				CLANG_WARN_RANGE_LOOP_ANALYSIS = YES;
				CLANG_WARN_STRICT_PROTOTYPES = YES;
				CLANG_WARN_SUSPICIOUS_MOVE = YES;
				CLANG_WARN_UNGUARDED_AVAILABILITY = YES_AGGRESSIVE;
				CLANG_WARN_UNREACHABLE_CODE = YES;
				CLANG_WARN__DUPLICATE_METHOD_MATCH = YES;
				CODE_SIGN_IDENTITY = "-";
				COPY_PHASE_STRIP = NO;
				DEBUG_INFORMATION_FORMAT = dwarf;
				ENABLE_STRICT_OBJC_MSGSEND = YES;
				ENABLE_TESTABILITY = YES;
				GCC_C_LANGUAGE_STANDARD = gnu11;
				GCC_DYNAMIC_NO_PIC = NO;
				GCC_NO_COMMON_BLOCKS = YES;
				GCC_OPTIMIZATION_LEVEL = 0;
				GCC_PREPROCESSOR_DEFINITIONS = (
					"DEBUG=1",
					"$(inherited)",
				);
				GCC_WARN_64_TO_32_BIT_CONVERSION = YES;
				GCC_WARN_ABOUT_RETURN_TYPE = YES_ERROR;
				GCC_WARN_UNDECLARED_SELECTOR = YES;
				GCC_WARN_UNINITIALIZED_AUTOS = YES_AGGRESSIVE;
				GCC_WARN_UNUSED_FUNCTION = YES;
				GCC_WARN_UNUSED_VARIABLE = YES;
				MACOSX_DEPLOYMENT_TARGET = 10.12;
				MTL_ENABLE_DEBUG_INFO = YES;
				ONLY_ACTIVE_ARCH = YES;
				SDKROOT = macosx;
				SWIFT_ACTIVE_COMPILATION_CONDITIONS = DEBUG;
				SWIFT_OPTIMIZATION_LEVEL = "-Onone";
			};
			name = Debug;
		};
		130DC5DE1F65F91D00BBCB60 /* Release */ = {
			isa = XCBuildConfiguration;
			buildSettings = {
				ALWAYS_SEARCH_USER_PATHS = NO;
				CLANG_ANALYZER_NONNULL = YES;
				CLANG_ANALYZER_NUMBER_OBJECT_CONVERSION = YES_AGGRESSIVE;
				CLANG_CXX_LANGUAGE_STANDARD = "gnu++14";
				CLANG_CXX_LIBRARY = "libc++";
				CLANG_ENABLE_MODULES = YES;
				CLANG_ENABLE_OBJC_ARC = YES;
				CLANG_WARN_BLOCK_CAPTURE_AUTORELEASING = YES;
				CLANG_WARN_BOOL_CONVERSION = YES;
				CLANG_WARN_COMMA = YES;
				CLANG_WARN_CONSTANT_CONVERSION = YES;
				CLANG_WARN_DIRECT_OBJC_ISA_USAGE = YES_ERROR;
				CLANG_WARN_DOCUMENTATION_COMMENTS = YES;
				CLANG_WARN_EMPTY_BODY = YES;
				CLANG_WARN_ENUM_CONVERSION = YES;
				CLANG_WARN_INFINITE_RECURSION = YES;
				CLANG_WARN_INT_CONVERSION = YES;
				CLANG_WARN_NON_LITERAL_NULL_CONVERSION = YES;
				CLANG_WARN_OBJC_LITERAL_CONVERSION = YES;
				CLANG_WARN_OBJC_ROOT_CLASS = YES_ERROR;
				CLANG_WARN_RANGE_LOOP_ANALYSIS = YES;
				CLANG_WARN_STRICT_PROTOTYPES = YES;
				CLANG_WARN_SUSPICIOUS_MOVE = YES;
				CLANG_WARN_UNGUARDED_AVAILABILITY = YES_AGGRESSIVE;
				CLANG_WARN_UNREACHABLE_CODE = YES;
				CLANG_WARN__DUPLICATE_METHOD_MATCH = YES;
				CODE_SIGN_IDENTITY = "-";
				COPY_PHASE_STRIP = NO;
				DEBUG_INFORMATION_FORMAT = "dwarf-with-dsym";
				ENABLE_NS_ASSERTIONS = NO;
				ENABLE_STRICT_OBJC_MSGSEND = YES;
				GCC_C_LANGUAGE_STANDARD = gnu11;
				GCC_NO_COMMON_BLOCKS = YES;
				GCC_WARN_64_TO_32_BIT_CONVERSION = YES;
				GCC_WARN_ABOUT_RETURN_TYPE = YES_ERROR;
				GCC_WARN_UNDECLARED_SELECTOR = YES;
				GCC_WARN_UNINITIALIZED_AUTOS = YES_AGGRESSIVE;
				GCC_WARN_UNUSED_FUNCTION = YES;
				GCC_WARN_UNUSED_VARIABLE = YES;
				MACOSX_DEPLOYMENT_TARGET = 10.12;
				MTL_ENABLE_DEBUG_INFO = NO;
				SDKROOT = macosx;
				SWIFT_OPTIMIZATION_LEVEL = "-Owholemodule";
			};
			name = Release;
		};
		130DC5E01F65F91D00BBCB60 /* Debug */ = {
			isa = XCBuildConfiguration;
			baseConfigurationReference = 6758A5B9F5A7934030A29990 /* Pods-App-EmojiIM.debug.xcconfig */;
			buildSettings = {
				ALWAYS_EMBED_SWIFT_STANDARD_LIBRARIES = YES;
				ASSETCATALOG_COMPILER_APPICON_NAME = AppIcon;
				CODE_SIGN_ENTITLEMENTS = Resources/Container/EmojiIM.entitlements;
				CODE_SIGN_IDENTITY = "Developer ID Application";
				CODE_SIGN_STYLE = Manual;
				COMBINE_HIDPI_IMAGES = YES;
				DEVELOPMENT_TEAM = VG2YYSKSHY;
				INFOPLIST_FILE = Resources/Container/Info.plist;
				LD_RUNPATH_SEARCH_PATHS = "$(inherited) @executable_path/../Frameworks";
				PRODUCT_BUNDLE_IDENTIFIER = jp.mzp.inputmethod;
				PRODUCT_NAME = "$(TARGET_NAME)";
				PROVISIONING_PROFILE_SPECIFIER = "";
				SWIFT_VERSION = 4.0;
			};
			name = Debug;
		};
		130DC5E11F65F91D00BBCB60 /* Release */ = {
			isa = XCBuildConfiguration;
			baseConfigurationReference = D153801FDD87A2200FA8B3FE /* Pods-App-EmojiIM.release.xcconfig */;
			buildSettings = {
				ALWAYS_EMBED_SWIFT_STANDARD_LIBRARIES = YES;
				ASSETCATALOG_COMPILER_APPICON_NAME = AppIcon;
				CODE_SIGN_ENTITLEMENTS = Resources/Container/EmojiIM.entitlements;
				CODE_SIGN_IDENTITY = "Developer ID Application";
				CODE_SIGN_STYLE = Manual;
				COMBINE_HIDPI_IMAGES = YES;
				DEVELOPMENT_TEAM = VG2YYSKSHY;
				INFOPLIST_FILE = Resources/Container/Info.plist;
				LD_RUNPATH_SEARCH_PATHS = "$(inherited) @executable_path/../Frameworks";
				PRODUCT_BUNDLE_IDENTIFIER = jp.mzp.inputmethod;
				PRODUCT_NAME = "$(TARGET_NAME)";
				PROVISIONING_PROFILE_SPECIFIER = "";
				SWIFT_VERSION = 4.0;
			};
			name = Release;
		};
		13BE30471F731F7B001D3AF8 /* Debug */ = {
			isa = XCBuildConfiguration;
			baseConfigurationReference = A06EE18786E85339F30239C2 /* Pods-App-Tests.debug.xcconfig */;
			buildSettings = {
				BUNDLE_LOADER = "$(TEST_HOST)";
				CODE_SIGN_IDENTITY = "Mac Developer";
				CODE_SIGN_STYLE = Automatic;
				COMBINE_HIDPI_IMAGES = YES;
				DEVELOPMENT_TEAM = VG2YYSKSHY;
				INFOPLIST_FILE = Tests/Info.plist;
				LD_RUNPATH_SEARCH_PATHS = "$(inherited) @executable_path/../Frameworks @loader_path/../Frameworks";
				MACOSX_DEPLOYMENT_TARGET = 10.13;
				PRODUCT_BUNDLE_IDENTIFIER = jp.mzp.inputmethod.Tests;
				PRODUCT_NAME = "$(TARGET_NAME)";
				SWIFT_VERSION = 4.0;
				TEST_HOST = "$(BUILT_PRODUCTS_DIR)/EmojiIM.app/Contents/MacOS/EmojiIM";
			};
			name = Debug;
		};
		13BE30481F731F7B001D3AF8 /* Release */ = {
			isa = XCBuildConfiguration;
			baseConfigurationReference = DDB61C9BCDAD0639BAA71AE3 /* Pods-App-Tests.release.xcconfig */;
			buildSettings = {
				BUNDLE_LOADER = "$(TEST_HOST)";
				CODE_SIGN_IDENTITY = "Mac Developer";
				CODE_SIGN_STYLE = Automatic;
				COMBINE_HIDPI_IMAGES = YES;
				DEVELOPMENT_TEAM = VG2YYSKSHY;
				INFOPLIST_FILE = Tests/Info.plist;
				LD_RUNPATH_SEARCH_PATHS = "$(inherited) @executable_path/../Frameworks @loader_path/../Frameworks";
				MACOSX_DEPLOYMENT_TARGET = 10.13;
				PRODUCT_BUNDLE_IDENTIFIER = jp.mzp.inputmethod.Tests;
				PRODUCT_NAME = "$(TARGET_NAME)";
				SWIFT_VERSION = 4.0;
				TEST_HOST = "$(BUILT_PRODUCTS_DIR)/EmojiIM.app/Contents/MacOS/EmojiIM";
			};
			name = Release;
		};
		13E9EB1D1F7DF83000497886 /* Debug */ = {
			isa = XCBuildConfiguration;
			baseConfigurationReference = C8B590062E50E39AAD0B338A /* Pods-App-EmojiIM_Extension.debug.xcconfig */;
			buildSettings = {
				CODE_SIGN_ENTITLEMENTS = Resources/Extension/EmojiIM_Extension.entitlements;
				CODE_SIGN_IDENTITY = "Developer ID Application";
				CODE_SIGN_STYLE = Manual;
				COMBINE_HIDPI_IMAGES = YES;
				DEVELOPMENT_TEAM = VG2YYSKSHY;
				INFOPLIST_FILE = Resources/Extension/Info.plist;
				LD_RUNPATH_SEARCH_PATHS = "$(inherited) @executable_path/../Frameworks @executable_path/../../../../Frameworks";
				MACOSX_DEPLOYMENT_TARGET = 10.13;
				PRODUCT_BUNDLE_IDENTIFIER = jp.mzp.inputmethod.EmojiIM;
				PRODUCT_NAME = "$(TARGET_NAME)";
				PROVISIONING_PROFILE_SPECIFIER = "";
				SKIP_INSTALL = YES;
				SWIFT_OBJC_BRIDGING_HEADER = "Sources/Extension/InputMethodKit+Private.h";
				SWIFT_VERSION = 4.0;
			};
			name = Debug;
		};
		13E9EB1E1F7DF83000497886 /* Release */ = {
			isa = XCBuildConfiguration;
			baseConfigurationReference = 84586F7511FB32E8F4F04827 /* Pods-App-EmojiIM_Extension.release.xcconfig */;
			buildSettings = {
				CODE_SIGN_ENTITLEMENTS = Resources/Extension/EmojiIM_Extension.entitlements;
				CODE_SIGN_IDENTITY = "Developer ID Application";
				CODE_SIGN_STYLE = Manual;
				COMBINE_HIDPI_IMAGES = YES;
				DEVELOPMENT_TEAM = VG2YYSKSHY;
				INFOPLIST_FILE = Resources/Extension/Info.plist;
				LD_RUNPATH_SEARCH_PATHS = "$(inherited) @executable_path/../Frameworks @executable_path/../../../../Frameworks";
				MACOSX_DEPLOYMENT_TARGET = 10.13;
				PRODUCT_BUNDLE_IDENTIFIER = jp.mzp.inputmethod.EmojiIM;
				PRODUCT_NAME = "$(TARGET_NAME)";
				PROVISIONING_PROFILE_SPECIFIER = "";
				SKIP_INSTALL = YES;
				SWIFT_OBJC_BRIDGING_HEADER = "Sources/Extension/InputMethodKit+Private.h";
				SWIFT_VERSION = 4.0;
			};
			name = Release;
		};
/* End XCBuildConfiguration section */

/* Begin XCConfigurationList section */
		130DC5CC1F65F91D00BBCB60 /* Build configuration list for PBXProject "EmojiIM" */ = {
			isa = XCConfigurationList;
			buildConfigurations = (
				130DC5DD1F65F91D00BBCB60 /* Debug */,
				130DC5DE1F65F91D00BBCB60 /* Release */,
			);
			defaultConfigurationIsVisible = 0;
			defaultConfigurationName = Release;
		};
		130DC5DF1F65F91D00BBCB60 /* Build configuration list for PBXNativeTarget "EmojiIM" */ = {
			isa = XCConfigurationList;
			buildConfigurations = (
				130DC5E01F65F91D00BBCB60 /* Debug */,
				130DC5E11F65F91D00BBCB60 /* Release */,
			);
			defaultConfigurationIsVisible = 0;
			defaultConfigurationName = Release;
		};
		13BE30491F731F7B001D3AF8 /* Build configuration list for PBXNativeTarget "Tests" */ = {
			isa = XCConfigurationList;
			buildConfigurations = (
				13BE30471F731F7B001D3AF8 /* Debug */,
				13BE30481F731F7B001D3AF8 /* Release */,
			);
			defaultConfigurationIsVisible = 0;
			defaultConfigurationName = Release;
		};
		13E9EB1C1F7DF83000497886 /* Build configuration list for PBXNativeTarget "EmojiIM_Extension" */ = {
			isa = XCConfigurationList;
			buildConfigurations = (
				13E9EB1D1F7DF83000497886 /* Debug */,
				13E9EB1E1F7DF83000497886 /* Release */,
			);
			defaultConfigurationIsVisible = 0;
			defaultConfigurationName = Release;
		};
/* End XCConfigurationList section */
	};
	rootObject = 130DC5C91F65F91D00BBCB60 /* Project object */;
}
